
Microsoft Visual Studio Solution File, Format Version 12.00
# Visual Studio Version 16
VisualStudioVersion = 16.0.31019.35
MinimumVisualStudioVersion = 10.0.40219.1
Project("{8BC9CEB8-8B4A-11D0-8D11-00A0C91BC942}") = "Final_test", "Final_test\Final_test.vcxproj", "{B1ACB1C4-B73B-4DB3-922A-DC0553EA0E71}"
EndProject
Global
	GlobalSection(SolutionConfigurationPlatforms) = preSolution
		Debug|x64 = Debug|x64
		Debug|x86 = Debug|x86
		Release|x64 = Release|x64
		Release|x86 = Release|x86
	EndGlobalSection
	GlobalSection(ProjectConfigurationPlatforms) = postSolution
		{B1ACB1C4-B73B-4DB3-922A-DC0553EA0E71}.Debug|x64.ActiveCfg = Debug|x64
		{B1ACB1C4-B73B-4DB3-922A-DC0553EA0E71}.Debug|x64.Build.0 = Debug|x64
		{B1ACB1C4-B73B-4DB3-922A-DC0553EA0E71}.Debug|x86.ActiveCfg = Debug|Win32
		{B1ACB1C4-B73B-4DB3-922A-DC0553EA0E71}.Debug|x86.Build.0 = Debug|Win32
		{B1ACB1C4-B73B-4DB3-922A-DC0553EA0E71}.Release|x64.ActiveCfg = Release|x64
		{B1ACB1C4-B73B-4DB3-922A-DC0553EA0E71}.Release|x64.Build.0 = Release|x64
		{B1ACB1C4-B73B-4DB3-922A-DC0553EA0E71}.Release|x86.ActiveCfg = Release|Win32
		{B1ACB1C4-B73B-4DB3-922A-DC0553EA0E71}.Release|x86.Build.0 = Release|Win32
	EndGlobalSection
	GlobalSection(SolutionProperties) = preSolution
		HideSolutionNode = FALSE
	EndGlobalSection
	GlobalSection(ExtensibilityGlobals) = postSolution
		SolutionGuid = {C85B9EE6-4589-4C7E-B2EC-4DFBE0774B76}
	EndGlobalSection
EndGlobal
